Microsoft Visual Studio Solution File, Format Version 11.00
# Visual Studio 2008

Project("{18A68DDE-E581-C31A-15C2-40CE42830372}") = "ColorGame", "Assembly-CSharp.csproj", "{9B49D1F5-95CD-C1B3-4358-FC9089DE1BC9}"
EndProject
Global
	GlobalSection(SolutionConfigurationPlatforms) = preSolution
		Debug|Any CPU = Debug|Any CPU
		Release|Any CPU = Release|Any CPU
	EndGlobalSection
	GlobalSection(ProjectConfigurationPlatforms) = postSolution
		{9B49D1F5-95CD-C1B3-4358-FC9089DE1BC9}.Debug|Any CPU.ActiveCfg = Debug|Any CPU
		{9B49D1F5-95CD-C1B3-4358-FC9089DE1BC9}.Debug|Any CPU.Build.0 = Debug|Any CPU
		{9B49D1F5-95CD-C1B3-4358-FC9089DE1BC9}.Release|Any CPU.ActiveCfg = Release|Any CPU
		{9B49D1F5-95CD-C1B3-4358-FC9089DE1BC9}.Release|Any CPU.Build.0 = Release|Any CPU
	EndGlobalSection
	GlobalSection(SolutionProperties) = preSolution
		HideSolutionNode = FALSE
	EndGlobalSection
	GlobalSection(MonoDevelopProperties) = preSolution
		StartupItem = Assembly-CSharp.csproj
	EndGlobalSection
EndGlobal
